
Microsoft Visual Studio Solution File, Format Version 12.00
# Visual Studio Version 16
VisualStudioVersion = 16.0.30320.27
MinimumVisualStudioVersion = 10.0.40219.1
Project("{FAE04EC0-301F-11D3-BF4B-00C04F79EFBC}") = "Formulario", "Formulario.csproj", "{EDA1426B-138E-49CF-B7D5-BC38B1654BBE}"
EndProject
Global
	GlobalSection(SolutionConfigurationPlatforms) = preSolution
		Debug|Any CPU = Debug|Any CPU
		Release|Any CPU = Release|Any CPU
	EndGlobalSection
	GlobalSection(ProjectConfigurationPlatforms) = postSolution
		{EDA1426B-138E-49CF-B7D5-BC38B1654BBE}.Debug|Any CPU.ActiveCfg = Debug|Any CPU
		{EDA1426B-138E-49CF-B7D5-BC38B1654BBE}.Debug|Any CPU.Build.0 = Debug|Any CPU
		{EDA1426B-138E-49CF-B7D5-BC38B1654BBE}.Release|Any CPU.ActiveCfg = Release|Any CPU
		{EDA1426B-138E-49CF-B7D5-BC38B1654BBE}.Release|Any CPU.Build.0 = Release|Any CPU
	EndGlobalSection
	GlobalSection(SolutionProperties) = preSolution
		HideSolutionNode = FALSE
	EndGlobalSection
	GlobalSection(ExtensibilityGlobals) = postSolution
		SolutionGuid = {204BE9B1-8D12-4B73-A167-D634AB51048A}
	EndGlobalSection
EndGlobal
