
Microsoft Visual Studio Solution File, Format Version 12.00
# Visual Studio Version 16
VisualStudioVersion = 16.0.30320.27
MinimumVisualStudioVersion = 10.0.40219.1
Project("{FAE04EC0-301F-11D3-BF4B-00C04F79EFBC}") = "FormularioProjeto", "FormularioProjeto.csproj", "{A86D976E-4385-43C8-AA12-BB1C0D73C161}"
EndProject
Global
	GlobalSection(SolutionConfigurationPlatforms) = preSolution
		Debug|Any CPU = Debug|Any CPU
		Release|Any CPU = Release|Any CPU
	EndGlobalSection
	GlobalSection(ProjectConfigurationPlatforms) = postSolution
		{A86D976E-4385-43C8-AA12-BB1C0D73C161}.Debug|Any CPU.ActiveCfg = Debug|Any CPU
		{A86D976E-4385-43C8-AA12-BB1C0D73C161}.Debug|Any CPU.Build.0 = Debug|Any CPU
		{A86D976E-4385-43C8-AA12-BB1C0D73C161}.Release|Any CPU.ActiveCfg = Release|Any CPU
		{A86D976E-4385-43C8-AA12-BB1C0D73C161}.Release|Any CPU.Build.0 = Release|Any CPU
	EndGlobalSection
	GlobalSection(SolutionProperties) = preSolution
		HideSolutionNode = FALSE
	EndGlobalSection
	GlobalSection(ExtensibilityGlobals) = postSolution
		SolutionGuid = {710DA490-76EE-4648-8273-0DE4B1CDF797}
	EndGlobalSection
EndGlobal
